{
  "name": "chunked-queue",
  "version": "0.1.0",
  "lockfileVersion": 1,
  "requires": true,
  "dependencies": {
    "zero-timeout": {
      "version": "0.0.3",
      "resolved": "https://registry.npmjs.org/zero-timeout/-/zero-timeout-0.0.3.tgz",
      "integrity": "sha512-j09Usif49HO50rHJUqdakjtda5piSjnzzMRmrMHTekZtDMqBdBe6/NpOrXYxij1N7bVTHv/Xz5+Ua3vo+fcfxg=="
    }
  }
}
