{
  "name": "chunked-queue",
  "version": "0.0.0",
  "lockfileVersion": 1,
  "requires": true,
  "dependencies": {
    "zero-timeout": {
      "version": "0.0.2",
      "resolved": "https://registry.npmjs.org/zero-timeout/-/zero-timeout-0.0.2.tgz",
      "integrity": "sha512-a8MBN6blbD9wF5B7k8fvLb0LVHVjjf75LeimwC10l535NDfnHv8BBjazqbUUnaBQ1QdA1q2Kf+Gz35FukfvKvQ=="
    }
  }
}
