{
  "name": "chunked-queue",
  "version": "0.1.2",
  "lockfileVersion": 1,
  "requires": true,
  "dependencies": {
    "zero-timeout": {
      "version": "0.0.4",
      "resolved": "https://registry.npmjs.org/zero-timeout/-/zero-timeout-0.0.4.tgz",
      "integrity": "sha512-4h06hMvy6JavCQZCKwiw6Jq0pt3UIL2vsQTKQ6UR5DAp3rnfknDn1ybkwx4YzQ+2vjOnamAETqox+8ma9wy7mw=="
    }
  }
}
